// !$*UTF8*$!
{
	archiveVersion = 1;
	classes = {
	};
	objectVersion = 56;
	objects = {

/* Begin PBXBuildFile section */
		C22C4A282954CC93000EEFDD /* LaunchGuard.swift in Sources */ = {isa = PBXBuildFile; fileRef = C22C4A272954CC93000EEFDD /* LaunchGuard.swift */; };
		C22C4A2A2954F5EA000EEFDD /* LaunchGuard+Command.swift in Sources */ = {isa = PBXBuildFile; fileRef = C22C4A292954F5EA000EEFDD /* LaunchGuard+Command.swift */; };
		C22C4A2C2954F688000EEFDD /* LaunchGuard+Blocklist.swift in Sources */ = {isa = PBXBuildFile; fileRef = C22C4A2B2954F688000EEFDD /* LaunchGuard+Blocklist.swift */; };
		C22C4A2E2954FB19000EEFDD /* LaunchGuard+Debug.swift in Sources */ = {isa = PBXBuildFile; fileRef = C22C4A2D2954FB19000EEFDD /* LaunchGuard+Debug.swift */; };
		C22C4A3029550E79000EEFDD /* LaunchGuard+Apps.swift in Sources */ = {isa = PBXBuildFile; fileRef = C22C4A2F29550E79000EEFDD /* LaunchGuard+Apps.swift */; };
		C2664DAF2954CB2C00FAA75C /* AppDelegate.swift in Sources */ = {isa = PBXBuildFile; fileRef = C2664DAE2954CB2C00FAA75C /* AppDelegate.swift */; };
		C2664DB12954CB2C00FAA75C /* ViewController.swift in Sources */ = {isa = PBXBuildFile; fileRef = C2664DB02954CB2C00FAA75C /* ViewController.swift */; };
		C2664DB32954CB2D00FAA75C /* Assets.xcassets in Resources */ = {isa = PBXBuildFile; fileRef = C2664DB22954CB2D00FAA75C /* Assets.xcassets */; };
		C2664DB62954CB2D00FAA75C /* Main.storyboard in Resources */ = {isa = PBXBuildFile; fileRef = C2664DB42954CB2D00FAA75C /* Main.storyboard */; };
/* End PBXBuildFile section */

/* Begin PBXFileReference section */
		C22C4A272954CC93000EEFDD /* LaunchGuard.swift */ = {isa = PBXFileReference; lastKnownFileType = sourcecode.swift; path = LaunchGuard.swift; sourceTree = "<group>"; };
		C22C4A292954F5EA000EEFDD /* LaunchGuard+Command.swift */ = {isa = PBXFileReference; lastKnownFileType = sourcecode.swift; path = "LaunchGuard+Command.swift"; sourceTree = "<group>"; };
		C22C4A2B2954F688000EEFDD /* LaunchGuard+Blocklist.swift */ = {isa = PBXFileReference; lastKnownFileType = sourcecode.swift; path = "LaunchGuard+Blocklist.swift"; sourceTree = "<group>"; };
		C22C4A2D2954FB19000EEFDD /* LaunchGuard+Debug.swift */ = {isa = PBXFileReference; lastKnownFileType = sourcecode.swift; path = "LaunchGuard+Debug.swift"; sourceTree = "<group>"; };
		C22C4A2F29550E79000EEFDD /* LaunchGuard+Apps.swift */ = {isa = PBXFileReference; lastKnownFileType = sourcecode.swift; path = "LaunchGuard+Apps.swift"; sourceTree = "<group>"; };
		C2664DAB2954CB2C00FAA75C /* LaunchGuardKit.app */ = {isa = PBXFileReference; explicitFileType = wrapper.application; includeInIndex = 0; path = LaunchGuardKit.app; sourceTree = BUILT_PRODUCTS_DIR; };
		C2664DAE2954CB2C00FAA75C /* AppDelegate.swift */ = {isa = PBXFileReference; lastKnownFileType = sourcecode.swift; path = AppDelegate.swift; sourceTree = "<group>"; };
		C2664DB02954CB2C00FAA75C /* ViewController.swift */ = {isa = PBXFileReference; lastKnownFileType = sourcecode.swift; path = ViewController.swift; sourceTree = "<group>"; };
		C2664DB22954CB2D00FAA75C /* Assets.xcassets */ = {isa = PBXFileReference; lastKnownFileType = folder.assetcatalog; path = Assets.xcassets; sourceTree = "<group>"; };
		C2664DB52954CB2D00FAA75C /* Base */ = {isa = PBXFileReference; lastKnownFileType = file.storyboard; name = Base; path = Base.lproj/Main.storyboard; sourceTree = "<group>"; };
		C2664DB72954CB2D00FAA75C /* LaunchGuardKit.entitlements */ = {isa = PBXFileReference; lastKnownFileType = text.plist.entitlements; path = LaunchGuardKit.entitlements; sourceTree = "<group>"; };
/* End PBXFileReference section */

/* Begin PBXFrameworksBuildPhase section */
		C2664DA82954CB2C00FAA75C /* Frameworks */ = {
			isa = PBXFrameworksBuildPhase;
			buildActionMask = 2147483647;
			files = (
			);
			runOnlyForDeploymentPostprocessing = 0;
		};
/* End PBXFrameworksBuildPhase section */

/* Begin PBXGroup section */
		C22C4A262954CC3A000EEFDD /* LaunchGuardKit */ = {
			isa = PBXGroup;
			children = (
				C22C4A272954CC93000EEFDD /* LaunchGuard.swift */,
				C22C4A2F29550E79000EEFDD /* LaunchGuard+Apps.swift */,
				C22C4A2B2954F688000EEFDD /* LaunchGuard+Blocklist.swift */,
				C22C4A292954F5EA000EEFDD /* LaunchGuard+Command.swift */,
				C22C4A2D2954FB19000EEFDD /* LaunchGuard+Debug.swift */,
			);
			path = LaunchGuardKit;
			sourceTree = "<group>";
		};
		C2664DA22954CB2B00FAA75C = {
			isa = PBXGroup;
			children = (
				C2664DAD2954CB2C00FAA75C /* LaunchGuardKit */,
				C2664DAC2954CB2C00FAA75C /* Products */,
			);
			sourceTree = "<group>";
		};
		C2664DAC2954CB2C00FAA75C /* Products */ = {
			isa = PBXGroup;
			children = (
				C2664DAB2954CB2C00FAA75C /* LaunchGuardKit.app */,
			);
			name = Products;
			sourceTree = "<group>";
		};
		C2664DAD2954CB2C00FAA75C /* LaunchGuardKit */ = {
			isa = PBXGroup;
			children = (
				C22C4A262954CC3A000EEFDD /* LaunchGuardKit */,
				C2664DAE2954CB2C00FAA75C /* AppDelegate.swift */,
				C2664DB02954CB2C00FAA75C /* ViewController.swift */,
				C2664DB22954CB2D00FAA75C /* Assets.xcassets */,
				C2664DB42954CB2D00FAA75C /* Main.storyboard */,
				C2664DB72954CB2D00FAA75C /* LaunchGuardKit.entitlements */,
			);
			path = LaunchGuardKit;
			sourceTree = "<group>";
		};
/* End PBXGroup section */

/* Begin PBXNativeTarget section */
		C2664DAA2954CB2C00FAA75C /* LaunchGuardKit */ = {
			isa = PBXNativeTarget;
			buildConfigurationList = C2664DBA2954CB2D00FAA75C /* Build configuration list for PBXNativeTarget "LaunchGuardKit" */;
			buildPhases = (
				C2664DA72954CB2C00FAA75C /* Sources */,
				C2664DA82954CB2C00FAA75C /* Frameworks */,
				C2664DA92954CB2C00FAA75C /* Resources */,
			);
			buildRules = (
			);
			dependencies = (
			);
			name = LaunchGuardKit;
			productName = LaunchGuardKit;
			productReference = C2664DAB2954CB2C00FAA75C /* LaunchGuardKit.app */;
			productType = "com.apple.product-type.application";
		};
/* End PBXNativeTarget section */

/* Begin PBXProject section */
		C2664DA32954CB2B00FAA75C /* Project object */ = {
			isa = PBXProject;
			attributes = {
				BuildIndependentTargetsInParallel = 1;
				LastSwiftUpdateCheck = 1420;
				LastUpgradeCheck = 1420;
				TargetAttributes = {
					C2664DAA2954CB2C00FAA75C = {
						CreatedOnToolsVersion = 14.2;
					};
				};
			};
			buildConfigurationList = C2664DA62954CB2B00FAA75C /* Build configuration list for PBXProject "LaunchGuardKit" */;
			compatibilityVersion = "Xcode 14.0";
			developmentRegion = en;
			hasScannedForEncodings = 0;
			knownRegions = (
				en,
				Base,
			);
			mainGroup = C2664DA22954CB2B00FAA75C;
			productRefGroup = C2664DAC2954CB2C00FAA75C /* Products */;
			projectDirPath = "";
			projectRoot = "";
			targets = (
				C2664DAA2954CB2C00FAA75C /* LaunchGuardKit */,
			);
		};
/* End PBXProject section */

/* Begin PBXResourcesBuildPhase section */
		C2664DA92954CB2C00FAA75C /* Resources */ = {
			isa = PBXResourcesBuildPhase;
			buildActionMask = 2147483647;
			files = (
				C2664DB32954CB2D00FAA75C /* Assets.xcassets in Resources */,
				C2664DB62954CB2D00FAA75C /* Main.storyboard in Resources */,
			);
			runOnlyForDeploymentPostprocessing = 0;
		};
/* End PBXResourcesBuildPhase section */

/* Begin PBXSourcesBuildPhase section */
		C2664DA72954CB2C00FAA75C /* Sources */ = {
			isa = PBXSourcesBuildPhase;
			buildActionMask = 2147483647;
			files = (
				C22C4A2C2954F688000EEFDD /* LaunchGuard+Blocklist.swift in Sources */,
				C22C4A2A2954F5EA000EEFDD /* LaunchGuard+Command.swift in Sources */,
				C22C4A2E2954FB19000EEFDD /* LaunchGuard+Debug.swift in Sources */,
				C2664DB12954CB2C00FAA75C /* ViewController.swift in Sources */,
				C2664DAF2954CB2C00FAA75C /* AppDelegate.swift in Sources */,
				C22C4A3029550E79000EEFDD /* LaunchGuard+Apps.swift in Sources */,
				C22C4A282954CC93000EEFDD /* LaunchGuard.swift in Sources */,
			);
			runOnlyForDeploymentPostprocessing = 0;
		};
/* End PBXSourcesBuildPhase section */

/* Begin PBXVariantGroup section */
		C2664DB42954CB2D00FAA75C /* Main.storyboard */ = {
			isa = PBXVariantGroup;
			children = (
				C2664DB52954CB2D00FAA75C /* Base */,
			);
			name = Main.storyboard;
			sourceTree = "<group>";
		};
/* End PBXVariantGroup section */

/* Begin XCBuildConfiguration section */
		C2664DB82954CB2D00FAA75C /* Debug */ = {
			isa = XCBuildConfiguration;
			buildSettings = {
				ALWAYS_SEARCH_USER_PATHS = NO;
				CLANG_ANALYZER_NONNULL = YES;
				CLANG_ANALYZER_NUMBER_OBJECT_CONVERSION = YES_AGGRESSIVE;
				CLANG_CXX_LANGUAGE_STANDARD = "gnu++20";
				CLANG_ENABLE_MODULES = YES;
				CLANG_ENABLE_OBJC_ARC = YES;
				CLANG_ENABLE_OBJC_WEAK = YES;
				CLANG_WARN_BLOCK_CAPTURE_AUTORELEASING = YES;
				CLANG_WARN_BOOL_CONVERSION = YES;
				CLANG_WARN_COMMA = YES;
				CLANG_WARN_CONSTANT_CONVERSION = YES;
				CLANG_WARN_DEPRECATED_OBJC_IMPLEMENTATIONS = YES;
				CLANG_WARN_DIRECT_OBJC_ISA_USAGE = YES_ERROR;
				CLANG_WARN_DOCUMENTATION_COMMENTS = YES;
				CLANG_WARN_EMPTY_BODY = YES;
				CLANG_WARN_ENUM_CONVERSION = YES;
				CLANG_WARN_INFINITE_RECURSION = YES;
				CLANG_WARN_INT_CONVERSION = YES;
				CLANG_WARN_NON_LITERAL_NULL_CONVERSION = YES;
				CLANG_WARN_OBJC_IMPLICIT_RETAIN_SELF = YES;
				CLANG_WARN_OBJC_LITERAL_CONVERSION = YES;
				CLANG_WARN_OBJC_ROOT_CLASS = YES_ERROR;
				CLANG_WARN_QUOTED_INCLUDE_IN_FRAMEWORK_HEADER = YES;
				CLANG_WARN_RANGE_LOOP_ANALYSIS = YES;
				CLANG_WARN_STRICT_PROTOTYPES = YES;
				CLANG_WARN_SUSPICIOUS_MOVE = YES;
				CLANG_WARN_UNGUARDED_AVAILABILITY = YES_AGGRESSIVE;
				CLANG_WARN_UNREACHABLE_CODE = YES;
				CLANG_WARN__DUPLICATE_METHOD_MATCH = YES;
				COPY_PHASE_STRIP = NO;
				DEBUG_INFORMATION_FORMAT = dwarf;
				ENABLE_STRICT_OBJC_MSGSEND = YES;
				ENABLE_TESTABILITY = YES;
				GCC_C_LANGUAGE_STANDARD = gnu11;
				GCC_DYNAMIC_NO_PIC = NO;
				GCC_NO_COMMON_BLOCKS = YES;
				GCC_OPTIMIZATION_LEVEL = 0;
				GCC_PREPROCESSOR_DEFINITIONS = (
					"DEBUG=1",
					"$(inherited)",
				);
				GCC_WARN_64_TO_32_BIT_CONVERSION = YES;
				GCC_WARN_ABOUT_RETURN_TYPE = YES_ERROR;
				GCC_WARN_UNDECLARED_SELECTOR = YES;
				GCC_WARN_UNINITIALIZED_AUTOS = YES_AGGRESSIVE;
				GCC_WARN_UNUSED_FUNCTION = YES;
				GCC_WARN_UNUSED_VARIABLE = YES;
				MACOSX_DEPLOYMENT_TARGET = 13.1;
				MTL_ENABLE_DEBUG_INFO = INCLUDE_SOURCE;
				MTL_FAST_MATH = YES;
				ONLY_ACTIVE_ARCH = YES;
				SDKROOT = macosx;
				SWIFT_ACTIVE_COMPILATION_CONDITIONS = DEBUG;
				SWIFT_OPTIMIZATION_LEVEL = "-Onone";
			};
			name = Debug;
		};
		C2664DB92954CB2D00FAA75C /* Release */ = {
			isa = XCBuildConfiguration;
			buildSettings = {
				ALWAYS_SEARCH_USER_PATHS = NO;
				CLANG_ANALYZER_NONNULL = YES;
				CLANG_ANALYZER_NUMBER_OBJECT_CONVERSION = YES_AGGRESSIVE;
				CLANG_CXX_LANGUAGE_STANDARD = "gnu++20";
				CLANG_ENABLE_MODULES = YES;
				CLANG_ENABLE_OBJC_ARC = YES;
				CLANG_ENABLE_OBJC_WEAK = YES;
				CLANG_WARN_BLOCK_CAPTURE_AUTORELEASING = YES;
				CLANG_WARN_BOOL_CONVERSION = YES;
				CLANG_WARN_COMMA = YES;
				CLANG_WARN_CONSTANT_CONVERSION = YES;
				CLANG_WARN_DEPRECATED_OBJC_IMPLEMENTATIONS = YES;
				CLANG_WARN_DIRECT_OBJC_ISA_USAGE = YES_ERROR;
				CLANG_WARN_DOCUMENTATION_COMMENTS = YES;
				CLANG_WARN_EMPTY_BODY = YES;
				CLANG_WARN_ENUM_CONVERSION = YES;
				CLANG_WARN_INFINITE_RECURSION = YES;
				CLANG_WARN_INT_CONVERSION = YES;
				CLANG_WARN_NON_LITERAL_NULL_CONVERSION = YES;
				CLANG_WARN_OBJC_IMPLICIT_RETAIN_SELF = YES;
				CLANG_WARN_OBJC_LITERAL_CONVERSION = YES;
				CLANG_WARN_OBJC_ROOT_CLASS = YES_ERROR;
				CLANG_WARN_QUOTED_INCLUDE_IN_FRAMEWORK_HEADER = YES;
				CLANG_WARN_RANGE_LOOP_ANALYSIS = YES;
				CLANG_WARN_STRICT_PROTOTYPES = YES;
				CLANG_WARN_SUSPICIOUS_MOVE = YES;
				CLANG_WARN_UNGUARDED_AVAILABILITY = YES_AGGRESSIVE;
				CLANG_WARN_UNREACHABLE_CODE = YES;
				CLANG_WARN__DUPLICATE_METHOD_MATCH = YES;
				COPY_PHASE_STRIP = NO;
				DEBUG_INFORMATION_FORMAT = "dwarf-with-dsym";
				ENABLE_NS_ASSERTIONS = NO;
				ENABLE_STRICT_OBJC_MSGSEND = YES;
				GCC_C_LANGUAGE_STANDARD = gnu11;
				GCC_NO_COMMON_BLOCKS = YES;
				GCC_WARN_64_TO_32_BIT_CONVERSION = YES;
				GCC_WARN_ABOUT_RETURN_TYPE = YES_ERROR;
				GCC_WARN_UNDECLARED_SELECTOR = YES;
				GCC_WARN_UNINITIALIZED_AUTOS = YES_AGGRESSIVE;
				GCC_WARN_UNUSED_FUNCTION = YES;
				GCC_WARN_UNUSED_VARIABLE = YES;
				MACOSX_DEPLOYMENT_TARGET = 13.1;
				MTL_ENABLE_DEBUG_INFO = NO;
				MTL_FAST_MATH = YES;
				SDKROOT = macosx;
				SWIFT_COMPILATION_MODE = wholemodule;
				SWIFT_OPTIMIZATION_LEVEL = "-O";
			};
			name = Release;
		};
		C2664DBB2954CB2D00FAA75C /* Debug */ = {
			isa = XCBuildConfiguration;
			buildSettings = {
				ASSETCATALOG_COMPILER_APPICON_NAME = AppIcon;
				ASSETCATALOG_COMPILER_GLOBAL_ACCENT_COLOR_NAME = AccentColor;
				CODE_SIGN_ENTITLEMENTS = LaunchGuardKit/LaunchGuardKit.entitlements;
				CODE_SIGN_STYLE = Automatic;
				COMBINE_HIDPI_IMAGES = YES;
				CURRENT_PROJECT_VERSION = 1;
				DEVELOPMENT_TEAM = 85N3S3DG8M;
				ENABLE_HARDENED_RUNTIME = YES;
				GENERATE_INFOPLIST_FILE = YES;
				INFOPLIST_KEY_NSHumanReadableCopyright = "";
				INFOPLIST_KEY_NSMainStoryboardFile = Main;
				INFOPLIST_KEY_NSPrincipalClass = NSApplication;
				LD_RUNPATH_SEARCH_PATHS = (
					"$(inherited)",
					"@executable_path/../Frameworks",
				);
				MACOSX_DEPLOYMENT_TARGET = 10.15;
				MARKETING_VERSION = 1.0;
				PRODUCT_BUNDLE_IDENTIFIER = io.wekit.LaunchGuardKit;
				PRODUCT_NAME = "$(TARGET_NAME)";
				SWIFT_EMIT_LOC_STRINGS = YES;
				SWIFT_VERSION = 5.0;
			};
			name = Debug;
		};
		C2664DBC2954CB2D00FAA75C /* Release */ = {
			isa = XCBuildConfiguration;
			buildSettings = {
				ASSETCATALOG_COMPILER_APPICON_NAME = AppIcon;
				ASSETCATALOG_COMPILER_GLOBAL_ACCENT_COLOR_NAME = AccentColor;
				CODE_SIGN_ENTITLEMENTS = LaunchGuardKit/LaunchGuardKit.entitlements;
				CODE_SIGN_STYLE = Automatic;
				COMBINE_HIDPI_IMAGES = YES;
				CURRENT_PROJECT_VERSION = 1;
				DEVELOPMENT_TEAM = 85N3S3DG8M;
				ENABLE_HARDENED_RUNTIME = YES;
				GENERATE_INFOPLIST_FILE = YES;
				INFOPLIST_KEY_NSHumanReadableCopyright = "";
				INFOPLIST_KEY_NSMainStoryboardFile = Main;
				INFOPLIST_KEY_NSPrincipalClass = NSApplication;
				LD_RUNPATH_SEARCH_PATHS = (
					"$(inherited)",
					"@executable_path/../Frameworks",
				);
				MACOSX_DEPLOYMENT_TARGET = 10.15;
				MARKETING_VERSION = 1.0;
				PRODUCT_BUNDLE_IDENTIFIER = io.wekit.LaunchGuardKit;
				PRODUCT_NAME = "$(TARGET_NAME)";
				SWIFT_EMIT_LOC_STRINGS = YES;
				SWIFT_VERSION = 5.0;
			};
			name = Release;
		};
/* End XCBuildConfiguration section */

/* Begin XCConfigurationList section */
		C2664DA62954CB2B00FAA75C /* Build configuration list for PBXProject "LaunchGuardKit" */ = {
			isa = XCConfigurationList;
			buildConfigurations = (
				C2664DB82954CB2D00FAA75C /* Debug */,
				C2664DB92954CB2D00FAA75C /* Release */,
			);
			defaultConfigurationIsVisible = 0;
			defaultConfigurationName = Release;
		};
		C2664DBA2954CB2D00FAA75C /* Build configuration list for PBXNativeTarget "LaunchGuardKit" */ = {
			isa = XCConfigurationList;
			buildConfigurations = (
				C2664DBB2954CB2D00FAA75C /* Debug */,
				C2664DBC2954CB2D00FAA75C /* Release */,
			);
			defaultConfigurationIsVisible = 0;
			defaultConfigurationName = Release;
		};
/* End XCConfigurationList section */
	};
	rootObject = C2664DA32954CB2B00FAA75C /* Project object */;
}
