// !$*UTF8*$!
{
	archiveVersion = 1;
	classes = {
	};
	objectVersion = 56;
	objects = {

/* Begin PBXBuildFile section */
		C22C4A3E295518E1000EEFDD /* AppDelegate.swift in Sources */ = {isa = PBXBuildFile; fileRef = C22C4A3D295518E1000EEFDD /* AppDelegate.swift */; };
		C22C4A40295518E1000EEFDD /* ViewController.swift in Sources */ = {isa = PBXBuildFile; fileRef = C22C4A3F295518E1000EEFDD /* ViewController.swift */; };
		C22C4A42295518E3000EEFDD /* Assets.xcassets in Resources */ = {isa = PBXBuildFile; fileRef = C22C4A41295518E3000EEFDD /* Assets.xcassets */; };
		C22C4A45295518E3000EEFDD /* Main.storyboard in Resources */ = {isa = PBXBuildFile; fileRef = C22C4A43295518E3000EEFDD /* Main.storyboard */; };
		C22C4A5229551972000EEFDD /* LaunchGuard.swift in Sources */ = {isa = PBXBuildFile; fileRef = C22C4A4D29551972000EEFDD /* LaunchGuard.swift */; };
		C22C4A5329551972000EEFDD /* LaunchGuard+Blocklist.swift in Sources */ = {isa = PBXBuildFile; fileRef = C22C4A4E29551972000EEFDD /* LaunchGuard+Blocklist.swift */; };
		C22C4A5429551972000EEFDD /* LaunchGuard+Debug.swift in Sources */ = {isa = PBXBuildFile; fileRef = C22C4A4F29551972000EEFDD /* LaunchGuard+Debug.swift */; };
		C22C4A5529551972000EEFDD /* LaunchGuard+Command.swift in Sources */ = {isa = PBXBuildFile; fileRef = C22C4A5029551972000EEFDD /* LaunchGuard+Command.swift */; };
		C22C4A5629551972000EEFDD /* LaunchGuard+Apps.swift in Sources */ = {isa = PBXBuildFile; fileRef = C22C4A5129551972000EEFDD /* LaunchGuard+Apps.swift */; };
/* End PBXBuildFile section */

/* Begin PBXFileReference section */
		C22C4A3A295518E1000EEFDD /* Demo.app */ = {isa = PBXFileReference; explicitFileType = wrapper.application; includeInIndex = 0; path = Demo.app; sourceTree = BUILT_PRODUCTS_DIR; };
		C22C4A3D295518E1000EEFDD /* AppDelegate.swift */ = {isa = PBXFileReference; lastKnownFileType = sourcecode.swift; path = AppDelegate.swift; sourceTree = "<group>"; };
		C22C4A3F295518E1000EEFDD /* ViewController.swift */ = {isa = PBXFileReference; lastKnownFileType = sourcecode.swift; path = ViewController.swift; sourceTree = "<group>"; };
		C22C4A41295518E3000EEFDD /* Assets.xcassets */ = {isa = PBXFileReference; lastKnownFileType = folder.assetcatalog; path = Assets.xcassets; sourceTree = "<group>"; };
		C22C4A44295518E3000EEFDD /* Base */ = {isa = PBXFileReference; lastKnownFileType = file.storyboard; name = Base; path = Base.lproj/Main.storyboard; sourceTree = "<group>"; };
		C22C4A46295518E3000EEFDD /* Demo.entitlements */ = {isa = PBXFileReference; lastKnownFileType = text.plist.entitlements; path = Demo.entitlements; sourceTree = "<group>"; };
		C22C4A4D29551972000EEFDD /* LaunchGuard.swift */ = {isa = PBXFileReference; fileEncoding = 4; lastKnownFileType = sourcecode.swift; path = LaunchGuard.swift; sourceTree = "<group>"; };
		C22C4A4E29551972000EEFDD /* LaunchGuard+Blocklist.swift */ = {isa = PBXFileReference; fileEncoding = 4; lastKnownFileType = sourcecode.swift; path = "LaunchGuard+Blocklist.swift"; sourceTree = "<group>"; };
		C22C4A4F29551972000EEFDD /* LaunchGuard+Debug.swift */ = {isa = PBXFileReference; fileEncoding = 4; lastKnownFileType = sourcecode.swift; path = "LaunchGuard+Debug.swift"; sourceTree = "<group>"; };
		C22C4A5029551972000EEFDD /* LaunchGuard+Command.swift */ = {isa = PBXFileReference; fileEncoding = 4; lastKnownFileType = sourcecode.swift; path = "LaunchGuard+Command.swift"; sourceTree = "<group>"; };
		C22C4A5129551972000EEFDD /* LaunchGuard+Apps.swift */ = {isa = PBXFileReference; fileEncoding = 4; lastKnownFileType = sourcecode.swift; path = "LaunchGuard+Apps.swift"; sourceTree = "<group>"; };
/* End PBXFileReference section */

/* Begin PBXFrameworksBuildPhase section */
		C22C4A37295518E1000EEFDD /* Frameworks */ = {
			isa = PBXFrameworksBuildPhase;
			buildActionMask = 2147483647;
			files = (
			);
			runOnlyForDeploymentPostprocessing = 0;
		};
/* End PBXFrameworksBuildPhase section */

/* Begin PBXGroup section */
		C22C4A31295518E1000EEFDD = {
			isa = PBXGroup;
			children = (
				C22C4A3C295518E1000EEFDD /* Demo */,
				C22C4A3B295518E1000EEFDD /* Products */,
			);
			sourceTree = "<group>";
		};
		C22C4A3B295518E1000EEFDD /* Products */ = {
			isa = PBXGroup;
			children = (
				C22C4A3A295518E1000EEFDD /* Demo.app */,
			);
			name = Products;
			sourceTree = "<group>";
		};
		C22C4A3C295518E1000EEFDD /* Demo */ = {
			isa = PBXGroup;
			children = (
				C22C4A4C29551972000EEFDD /* LaunchGuardKit */,
				C22C4A3D295518E1000EEFDD /* AppDelegate.swift */,
				C22C4A3F295518E1000EEFDD /* ViewController.swift */,
				C22C4A41295518E3000EEFDD /* Assets.xcassets */,
				C22C4A43295518E3000EEFDD /* Main.storyboard */,
				C22C4A46295518E3000EEFDD /* Demo.entitlements */,
			);
			path = Demo;
			sourceTree = "<group>";
		};
		C22C4A4C29551972000EEFDD /* LaunchGuardKit */ = {
			isa = PBXGroup;
			children = (
				C22C4A4D29551972000EEFDD /* LaunchGuard.swift */,
				C22C4A4E29551972000EEFDD /* LaunchGuard+Blocklist.swift */,
				C22C4A4F29551972000EEFDD /* LaunchGuard+Debug.swift */,
				C22C4A5029551972000EEFDD /* LaunchGuard+Command.swift */,
				C22C4A5129551972000EEFDD /* LaunchGuard+Apps.swift */,
			);
			name = LaunchGuardKit;
			path = ../../LaunchGuardKit;
			sourceTree = "<group>";
		};
/* End PBXGroup section */

/* Begin PBXNativeTarget section */
		C22C4A39295518E1000EEFDD /* Demo */ = {
			isa = PBXNativeTarget;
			buildConfigurationList = C22C4A49295518E3000EEFDD /* Build configuration list for PBXNativeTarget "Demo" */;
			buildPhases = (
				C22C4A36295518E1000EEFDD /* Sources */,
				C22C4A37295518E1000EEFDD /* Frameworks */,
				C22C4A38295518E1000EEFDD /* Resources */,
			);
			buildRules = (
			);
			dependencies = (
			);
			name = Demo;
			productName = Demo;
			productReference = C22C4A3A295518E1000EEFDD /* Demo.app */;
			productType = "com.apple.product-type.application";
		};
/* End PBXNativeTarget section */

/* Begin PBXProject section */
		C22C4A32295518E1000EEFDD /* Project object */ = {
			isa = PBXProject;
			attributes = {
				BuildIndependentTargetsInParallel = 1;
				LastSwiftUpdateCheck = 1420;
				LastUpgradeCheck = 1420;
				TargetAttributes = {
					C22C4A39295518E1000EEFDD = {
						CreatedOnToolsVersion = 14.2;
					};
				};
			};
			buildConfigurationList = C22C4A35295518E1000EEFDD /* Build configuration list for PBXProject "Demo" */;
			compatibilityVersion = "Xcode 14.0";
			developmentRegion = en;
			hasScannedForEncodings = 0;
			knownRegions = (
				en,
				Base,
			);
			mainGroup = C22C4A31295518E1000EEFDD;
			productRefGroup = C22C4A3B295518E1000EEFDD /* Products */;
			projectDirPath = "";
			projectRoot = "";
			targets = (
				C22C4A39295518E1000EEFDD /* Demo */,
			);
		};
/* End PBXProject section */

/* Begin PBXResourcesBuildPhase section */
		C22C4A38295518E1000EEFDD /* Resources */ = {
			isa = PBXResourcesBuildPhase;
			buildActionMask = 2147483647;
			files = (
				C22C4A42295518E3000EEFDD /* Assets.xcassets in Resources */,
				C22C4A45295518E3000EEFDD /* Main.storyboard in Resources */,
			);
			runOnlyForDeploymentPostprocessing = 0;
		};
/* End PBXResourcesBuildPhase section */

/* Begin PBXSourcesBuildPhase section */
		C22C4A36295518E1000EEFDD /* Sources */ = {
			isa = PBXSourcesBuildPhase;
			buildActionMask = 2147483647;
			files = (
				C22C4A5529551972000EEFDD /* LaunchGuard+Command.swift in Sources */,
				C22C4A5429551972000EEFDD /* LaunchGuard+Debug.swift in Sources */,
				C22C4A40295518E1000EEFDD /* ViewController.swift in Sources */,
				C22C4A3E295518E1000EEFDD /* AppDelegate.swift in Sources */,
				C22C4A5329551972000EEFDD /* LaunchGuard+Blocklist.swift in Sources */,
				C22C4A5629551972000EEFDD /* LaunchGuard+Apps.swift in Sources */,
				C22C4A5229551972000EEFDD /* LaunchGuard.swift in Sources */,
			);
			runOnlyForDeploymentPostprocessing = 0;
		};
/* End PBXSourcesBuildPhase section */

/* Begin PBXVariantGroup section */
		C22C4A43295518E3000EEFDD /* Main.storyboard */ = {
			isa = PBXVariantGroup;
			children = (
				C22C4A44295518E3000EEFDD /* Base */,
			);
			name = Main.storyboard;
			sourceTree = "<group>";
		};
/* End PBXVariantGroup section */

/* Begin XCBuildConfiguration section */
		C22C4A47295518E3000EEFDD /* Debug */ = {
			isa = XCBuildConfiguration;
			buildSettings = {
				ALWAYS_SEARCH_USER_PATHS = NO;
				CLANG_ANALYZER_NONNULL = YES;
				CLANG_ANALYZER_NUMBER_OBJECT_CONVERSION = YES_AGGRESSIVE;
				CLANG_CXX_LANGUAGE_STANDARD = "gnu++20";
				CLANG_ENABLE_MODULES = YES;
				CLANG_ENABLE_OBJC_ARC = YES;
				CLANG_ENABLE_OBJC_WEAK = YES;
				CLANG_WARN_BLOCK_CAPTURE_AUTORELEASING = YES;
				CLANG_WARN_BOOL_CONVERSION = YES;
				CLANG_WARN_COMMA = YES;
				CLANG_WARN_CONSTANT_CONVERSION = YES;
				CLANG_WARN_DEPRECATED_OBJC_IMPLEMENTATIONS = YES;
				CLANG_WARN_DIRECT_OBJC_ISA_USAGE = YES_ERROR;
				CLANG_WARN_DOCUMENTATION_COMMENTS = YES;
				CLANG_WARN_EMPTY_BODY = YES;
				CLANG_WARN_ENUM_CONVERSION = YES;
				CLANG_WARN_INFINITE_RECURSION = YES;
				CLANG_WARN_INT_CONVERSION = YES;
				CLANG_WARN_NON_LITERAL_NULL_CONVERSION = YES;
				CLANG_WARN_OBJC_IMPLICIT_RETAIN_SELF = YES;
				CLANG_WARN_OBJC_LITERAL_CONVERSION = YES;
				CLANG_WARN_OBJC_ROOT_CLASS = YES_ERROR;
				CLANG_WARN_QUOTED_INCLUDE_IN_FRAMEWORK_HEADER = YES;
				CLANG_WARN_RANGE_LOOP_ANALYSIS = YES;
				CLANG_WARN_STRICT_PROTOTYPES = YES;
				CLANG_WARN_SUSPICIOUS_MOVE = YES;
				CLANG_WARN_UNGUARDED_AVAILABILITY = YES_AGGRESSIVE;
				CLANG_WARN_UNREACHABLE_CODE = YES;
				CLANG_WARN__DUPLICATE_METHOD_MATCH = YES;
				COPY_PHASE_STRIP = NO;
				DEBUG_INFORMATION_FORMAT = dwarf;
				ENABLE_STRICT_OBJC_MSGSEND = YES;
				ENABLE_TESTABILITY = YES;
				GCC_C_LANGUAGE_STANDARD = gnu11;
				GCC_DYNAMIC_NO_PIC = NO;
				GCC_NO_COMMON_BLOCKS = YES;
				GCC_OPTIMIZATION_LEVEL = 0;
				GCC_PREPROCESSOR_DEFINITIONS = (
					"DEBUG=1",
					"$(inherited)",
				);
				GCC_WARN_64_TO_32_BIT_CONVERSION = YES;
				GCC_WARN_ABOUT_RETURN_TYPE = YES_ERROR;
				GCC_WARN_UNDECLARED_SELECTOR = YES;
				GCC_WARN_UNINITIALIZED_AUTOS = YES_AGGRESSIVE;
				GCC_WARN_UNUSED_FUNCTION = YES;
				GCC_WARN_UNUSED_VARIABLE = YES;
				MACOSX_DEPLOYMENT_TARGET = 13.1;
				MTL_ENABLE_DEBUG_INFO = INCLUDE_SOURCE;
				MTL_FAST_MATH = YES;
				ONLY_ACTIVE_ARCH = YES;
				SDKROOT = macosx;
				SWIFT_ACTIVE_COMPILATION_CONDITIONS = DEBUG;
				SWIFT_OPTIMIZATION_LEVEL = "-Onone";
			};
			name = Debug;
		};
		C22C4A48295518E3000EEFDD /* Release */ = {
			isa = XCBuildConfiguration;
			buildSettings = {
				ALWAYS_SEARCH_USER_PATHS = NO;
				CLANG_ANALYZER_NONNULL = YES;
				CLANG_ANALYZER_NUMBER_OBJECT_CONVERSION = YES_AGGRESSIVE;
				CLANG_CXX_LANGUAGE_STANDARD = "gnu++20";
				CLANG_ENABLE_MODULES = YES;
				CLANG_ENABLE_OBJC_ARC = YES;
				CLANG_ENABLE_OBJC_WEAK = YES;
				CLANG_WARN_BLOCK_CAPTURE_AUTORELEASING = YES;
				CLANG_WARN_BOOL_CONVERSION = YES;
				CLANG_WARN_COMMA = YES;
				CLANG_WARN_CONSTANT_CONVERSION = YES;
				CLANG_WARN_DEPRECATED_OBJC_IMPLEMENTATIONS = YES;
				CLANG_WARN_DIRECT_OBJC_ISA_USAGE = YES_ERROR;
				CLANG_WARN_DOCUMENTATION_COMMENTS = YES;
				CLANG_WARN_EMPTY_BODY = YES;
				CLANG_WARN_ENUM_CONVERSION = YES;
				CLANG_WARN_INFINITE_RECURSION = YES;
				CLANG_WARN_INT_CONVERSION = YES;
				CLANG_WARN_NON_LITERAL_NULL_CONVERSION = YES;
				CLANG_WARN_OBJC_IMPLICIT_RETAIN_SELF = YES;
				CLANG_WARN_OBJC_LITERAL_CONVERSION = YES;
				CLANG_WARN_OBJC_ROOT_CLASS = YES_ERROR;
				CLANG_WARN_QUOTED_INCLUDE_IN_FRAMEWORK_HEADER = YES;
				CLANG_WARN_RANGE_LOOP_ANALYSIS = YES;
				CLANG_WARN_STRICT_PROTOTYPES = YES;
				CLANG_WARN_SUSPICIOUS_MOVE = YES;
				CLANG_WARN_UNGUARDED_AVAILABILITY = YES_AGGRESSIVE;
				CLANG_WARN_UNREACHABLE_CODE = YES;
				CLANG_WARN__DUPLICATE_METHOD_MATCH = YES;
				COPY_PHASE_STRIP = NO;
				DEBUG_INFORMATION_FORMAT = "dwarf-with-dsym";
				ENABLE_NS_ASSERTIONS = NO;
				ENABLE_STRICT_OBJC_MSGSEND = YES;
				GCC_C_LANGUAGE_STANDARD = gnu11;
				GCC_NO_COMMON_BLOCKS = YES;
				GCC_WARN_64_TO_32_BIT_CONVERSION = YES;
				GCC_WARN_ABOUT_RETURN_TYPE = YES_ERROR;
				GCC_WARN_UNDECLARED_SELECTOR = YES;
				GCC_WARN_UNINITIALIZED_AUTOS = YES_AGGRESSIVE;
				GCC_WARN_UNUSED_FUNCTION = YES;
				GCC_WARN_UNUSED_VARIABLE = YES;
				MACOSX_DEPLOYMENT_TARGET = 13.1;
				MTL_ENABLE_DEBUG_INFO = NO;
				MTL_FAST_MATH = YES;
				SDKROOT = macosx;
				SWIFT_COMPILATION_MODE = wholemodule;
				SWIFT_OPTIMIZATION_LEVEL = "-O";
			};
			name = Release;
		};
		C22C4A4A295518E3000EEFDD /* Debug */ = {
			isa = XCBuildConfiguration;
			buildSettings = {
				ASSETCATALOG_COMPILER_APPICON_NAME = AppIcon;
				ASSETCATALOG_COMPILER_GLOBAL_ACCENT_COLOR_NAME = AccentColor;
				CODE_SIGN_ENTITLEMENTS = Demo/Demo.entitlements;
				CODE_SIGN_STYLE = Automatic;
				COMBINE_HIDPI_IMAGES = YES;
				CURRENT_PROJECT_VERSION = 1;
				DEVELOPMENT_TEAM = 85N3S3DG8M;
				ENABLE_HARDENED_RUNTIME = YES;
				GENERATE_INFOPLIST_FILE = YES;
				INFOPLIST_KEY_NSHumanReadableCopyright = "";
				INFOPLIST_KEY_NSMainStoryboardFile = Main;
				INFOPLIST_KEY_NSPrincipalClass = NSApplication;
				LD_RUNPATH_SEARCH_PATHS = (
					"$(inherited)",
					"@executable_path/../Frameworks",
				);
				MACOSX_DEPLOYMENT_TARGET = 10.15;
				MARKETING_VERSION = 1.0;
				PRODUCT_BUNDLE_IDENTIFIER = io.wekit.LaunchGuardKit.Demo;
				PRODUCT_NAME = "$(TARGET_NAME)";
				SWIFT_EMIT_LOC_STRINGS = YES;
				SWIFT_VERSION = 5.0;
			};
			name = Debug;
		};
		C22C4A4B295518E3000EEFDD /* Release */ = {
			isa = XCBuildConfiguration;
			buildSettings = {
				ASSETCATALOG_COMPILER_APPICON_NAME = AppIcon;
				ASSETCATALOG_COMPILER_GLOBAL_ACCENT_COLOR_NAME = AccentColor;
				CODE_SIGN_ENTITLEMENTS = Demo/Demo.entitlements;
				CODE_SIGN_STYLE = Automatic;
				COMBINE_HIDPI_IMAGES = YES;
				CURRENT_PROJECT_VERSION = 1;
				DEVELOPMENT_TEAM = 85N3S3DG8M;
				ENABLE_HARDENED_RUNTIME = YES;
				GENERATE_INFOPLIST_FILE = YES;
				INFOPLIST_KEY_NSHumanReadableCopyright = "";
				INFOPLIST_KEY_NSMainStoryboardFile = Main;
				INFOPLIST_KEY_NSPrincipalClass = NSApplication;
				LD_RUNPATH_SEARCH_PATHS = (
					"$(inherited)",
					"@executable_path/../Frameworks",
				);
				MACOSX_DEPLOYMENT_TARGET = 10.15;
				MARKETING_VERSION = 1.0;
				PRODUCT_BUNDLE_IDENTIFIER = io.wekit.LaunchGuardKit.Demo;
				PRODUCT_NAME = "$(TARGET_NAME)";
				SWIFT_EMIT_LOC_STRINGS = YES;
				SWIFT_VERSION = 5.0;
			};
			name = Release;
		};
/* End XCBuildConfiguration section */

/* Begin XCConfigurationList section */
		C22C4A35295518E1000EEFDD /* Build configuration list for PBXProject "Demo" */ = {
			isa = XCConfigurationList;
			buildConfigurations = (
				C22C4A47295518E3000EEFDD /* Debug */,
				C22C4A48295518E3000EEFDD /* Release */,
			);
			defaultConfigurationIsVisible = 0;
			defaultConfigurationName = Release;
		};
		C22C4A49295518E3000EEFDD /* Build configuration list for PBXNativeTarget "Demo" */ = {
			isa = XCConfigurationList;
			buildConfigurations = (
				C22C4A4A295518E3000EEFDD /* Debug */,
				C22C4A4B295518E3000EEFDD /* Release */,
			);
			defaultConfigurationIsVisible = 0;
			defaultConfigurationName = Release;
		};
/* End XCConfigurationList section */
	};
	rootObject = C22C4A32295518E1000EEFDD /* Project object */;
}
